// !$*UTF8*$!
{
	archiveVersion = 1;
	classes = {
	};
	objectVersion = 46;
	objects = {

/* Begin PBXGroup section */
		BB1FE55D1E711AF4008F3F82 = {
			isa = PBXGroup;
			children = (
			);
			sourceTree = "<group>";
		};
/* End PBXGroup section */

/* Begin PBXProject section */
		BB1FE55E1E711AF4008F3F82 /* Project object */ = {
			isa = PBXProject;
			attributes = {
				LastUpgradeCheck = 0820;
			};
			buildConfigurationList = BB1FE5611E711AF4008F3F82 /* Build configuration list for PBXProject "OpenCC" */;
			compatibilityVersion = "Xcode 3.2";
			developmentRegion = English;
			hasScannedForEncodings = 0;
			knownRegions = (
				en,
			);
			mainGroup = BB1FE55D1E711AF4008F3F82;
			projectDirPath = "";
			projectRoot = "";
			targets = (
			);
		};
/* End PBXProject section */

/* Begin XCBuildConfiguration section */
		BB1FE5621E711AF4008F3F82 /* Debug */ = {
			isa = XCBuildConfiguration;
			buildSettings = {
			};
			name = Debug;
		};
		BB1FE5631E711AF4008F3F82 /* Release */ = {
			isa = XCBuildConfiguration;
			buildSettings = {
			};
			name = Release;
		};
/* End XCBuildConfiguration section */

/* Begin XCConfigurationList section */
		BB1FE5611E711AF4008F3F82 /* Build configuration list for PBXProject "OpenCC" */ = {
			isa = XCConfigurationList;
			buildConfigurations = (
				BB1FE5621E711AF4008F3F82 /* Debug */,
				BB1FE5631E711AF4008F3F82 /* Release */,
			);
			defaultConfigurationIsVisible = 0;
			defaultConfigurationName = Release;
		};
/* End XCConfigurationList section */
	};
	rootObject = BB1FE55E1E711AF4008F3F82 /* Project object */;
}
