// !$*UTF8*$!
{
	archiveVersion = 1;
	classes = {
	};
	objectVersion = 46;
	objects = {

/* Begin PBXAggregateTarget section */
		"SwiftyOpenCC::SwiftyOpenCCPackageTests::ProductTarget" /* SwiftyOpenCCPackageTests */ = {
			isa = PBXAggregateTarget;
			buildConfigurationList = OBJ_83 /* Build configuration list for PBXAggregateTarget "SwiftyOpenCCPackageTests" */;
			buildPhases = (
			);
			dependencies = (
				OBJ_86 /* PBXTargetDependency */,
			);
			name = SwiftyOpenCCPackageTests;
			productName = SwiftyOpenCCPackageTests;
		};
/* End PBXAggregateTarget section */

/* Begin PBXBuildFile section */
		OBJ_100 /* PhraseExtract.cpp in Sources */ = {isa = PBXBuildFile; fileRef = OBJ_26 /* PhraseExtract.cpp */; };
		OBJ_101 /* Segmentation.cpp in Sources */ = {isa = PBXBuildFile; fileRef = OBJ_27 /* Segmentation.cpp */; };
		OBJ_102 /* TextDict.cpp in Sources */ = {isa = PBXBuildFile; fileRef = OBJ_28 /* TextDict.cpp */; };
		OBJ_103 /* UTF8StringSlice.cpp in Sources */ = {isa = PBXBuildFile; fileRef = OBJ_29 /* UTF8StringSlice.cpp */; };
		OBJ_104 /* UTF8Util.cpp in Sources */ = {isa = PBXBuildFile; fileRef = OBJ_30 /* UTF8Util.cpp */; };
		OBJ_105 /* source.cpp in Sources */ = {isa = PBXBuildFile; fileRef = OBJ_31 /* source.cpp */; };
		OBJ_54 /* ChineseConverter.swift in Sources */ = {isa = PBXBuildFile; fileRef = OBJ_9 /* ChineseConverter.swift */; };
		OBJ_55 /* ConversionDictionary.swift in Sources */ = {isa = PBXBuildFile; fileRef = OBJ_10 /* ConversionDictionary.swift */; };
		OBJ_56 /* Deprecated.swift in Sources */ = {isa = PBXBuildFile; fileRef = OBJ_11 /* Deprecated.swift */; };
		OBJ_57 /* DictionaryLoader.swift in Sources */ = {isa = PBXBuildFile; fileRef = OBJ_12 /* DictionaryLoader.swift */; };
		OBJ_58 /* DictionaryName.swift in Sources */ = {isa = PBXBuildFile; fileRef = OBJ_13 /* DictionaryName.swift */; };
		OBJ_59 /* WeakValueCache.swift in Sources */ = {isa = PBXBuildFile; fileRef = OBJ_14 /* WeakValueCache.swift */; };
		OBJ_61 /* copencc.framework in Frameworks */ = {isa = PBXBuildFile; fileRef = "SwiftyOpenCC::copencc::Product" /* copencc.framework */; };
		OBJ_69 /* OpenCCTests.swift in Sources */ = {isa = PBXBuildFile; fileRef = OBJ_37 /* OpenCCTests.swift */; };
		OBJ_70 /* XCTestManifests.swift in Sources */ = {isa = PBXBuildFile; fileRef = OBJ_38 /* XCTestManifests.swift */; };
		OBJ_72 /* OpenCC.framework in Frameworks */ = {isa = PBXBuildFile; fileRef = "SwiftyOpenCC::OpenCC::Product" /* OpenCC.framework */; };
		OBJ_73 /* copencc.framework in Frameworks */ = {isa = PBXBuildFile; fileRef = "SwiftyOpenCC::copencc::Product" /* copencc.framework */; };
		OBJ_81 /* Package.swift in Sources */ = {isa = PBXBuildFile; fileRef = OBJ_6 /* Package.swift */; };
		OBJ_91 /* BinaryDict.cpp in Sources */ = {isa = PBXBuildFile; fileRef = OBJ_17 /* BinaryDict.cpp */; };
		OBJ_92 /* Conversion.cpp in Sources */ = {isa = PBXBuildFile; fileRef = OBJ_18 /* Conversion.cpp */; };
		OBJ_93 /* ConversionChain.cpp in Sources */ = {isa = PBXBuildFile; fileRef = OBJ_19 /* ConversionChain.cpp */; };
		OBJ_94 /* Converter.cpp in Sources */ = {isa = PBXBuildFile; fileRef = OBJ_20 /* Converter.cpp */; };
		OBJ_95 /* DartsDict.cpp in Sources */ = {isa = PBXBuildFile; fileRef = OBJ_21 /* DartsDict.cpp */; };
		OBJ_96 /* Dict.cpp in Sources */ = {isa = PBXBuildFile; fileRef = OBJ_22 /* Dict.cpp */; };
		OBJ_97 /* DictEntry.cpp in Sources */ = {isa = PBXBuildFile; fileRef = OBJ_23 /* DictEntry.cpp */; };
		OBJ_98 /* DictGroup.cpp in Sources */ = {isa = PBXBuildFile; fileRef = OBJ_24 /* DictGroup.cpp */; };
		OBJ_99 /* MaxMatchSegmentation.cpp in Sources */ = {isa = PBXBuildFile; fileRef = OBJ_25 /* MaxMatchSegmentation.cpp */; };
/* End PBXBuildFile section */

/* Begin PBXContainerItemProxy section */
		BB947E0D23BF404100C43BF2 /* PBXContainerItemProxy */ = {
			isa = PBXContainerItemProxy;
			containerPortal = OBJ_1 /* Project object */;
			proxyType = 1;
			remoteGlobalIDString = "SwiftyOpenCC::copencc";
			remoteInfo = copencc;
		};
		BB947E0E23BF404100C43BF2 /* PBXContainerItemProxy */ = {
			isa = PBXContainerItemProxy;
			containerPortal = OBJ_1 /* Project object */;
			proxyType = 1;
			remoteGlobalIDString = "SwiftyOpenCC::OpenCC";
			remoteInfo = OpenCC;
		};
		BB947E0F23BF404100C43BF2 /* PBXContainerItemProxy */ = {
			isa = PBXContainerItemProxy;
			containerPortal = OBJ_1 /* Project object */;
			proxyType = 1;
			remoteGlobalIDString = "SwiftyOpenCC::copencc";
			remoteInfo = copencc;
		};
		BB947E1023BF404200C43BF2 /* PBXContainerItemProxy */ = {
			isa = PBXContainerItemProxy;
			containerPortal = OBJ_1 /* Project object */;
			proxyType = 1;
			remoteGlobalIDString = "SwiftyOpenCC::OpenCCTests";
			remoteInfo = OpenCCTests;
		};
/* End PBXContainerItemProxy section */

/* Begin PBXFileReference section */
		OBJ_10 /* ConversionDictionary.swift */ = {isa = PBXFileReference; lastKnownFileType = sourcecode.swift; path = ConversionDictionary.swift; sourceTree = "<group>"; };
		OBJ_11 /* Deprecated.swift */ = {isa = PBXFileReference; lastKnownFileType = sourcecode.swift; path = Deprecated.swift; sourceTree = "<group>"; };
		OBJ_12 /* DictionaryLoader.swift */ = {isa = PBXFileReference; lastKnownFileType = sourcecode.swift; path = DictionaryLoader.swift; sourceTree = "<group>"; };
		OBJ_13 /* DictionaryName.swift */ = {isa = PBXFileReference; lastKnownFileType = sourcecode.swift; path = DictionaryName.swift; sourceTree = "<group>"; };
		OBJ_14 /* WeakValueCache.swift */ = {isa = PBXFileReference; lastKnownFileType = sourcecode.swift; path = WeakValueCache.swift; sourceTree = "<group>"; };
		OBJ_17 /* BinaryDict.cpp */ = {isa = PBXFileReference; lastKnownFileType = sourcecode.cpp.cpp; path = BinaryDict.cpp; sourceTree = "<group>"; };
		OBJ_18 /* Conversion.cpp */ = {isa = PBXFileReference; lastKnownFileType = sourcecode.cpp.cpp; path = Conversion.cpp; sourceTree = "<group>"; };
		OBJ_19 /* ConversionChain.cpp */ = {isa = PBXFileReference; lastKnownFileType = sourcecode.cpp.cpp; path = ConversionChain.cpp; sourceTree = "<group>"; };
		OBJ_20 /* Converter.cpp */ = {isa = PBXFileReference; lastKnownFileType = sourcecode.cpp.cpp; path = Converter.cpp; sourceTree = "<group>"; };
		OBJ_21 /* DartsDict.cpp */ = {isa = PBXFileReference; lastKnownFileType = sourcecode.cpp.cpp; path = DartsDict.cpp; sourceTree = "<group>"; };
		OBJ_22 /* Dict.cpp */ = {isa = PBXFileReference; lastKnownFileType = sourcecode.cpp.cpp; path = Dict.cpp; sourceTree = "<group>"; };
		OBJ_23 /* DictEntry.cpp */ = {isa = PBXFileReference; lastKnownFileType = sourcecode.cpp.cpp; path = DictEntry.cpp; sourceTree = "<group>"; };
		OBJ_24 /* DictGroup.cpp */ = {isa = PBXFileReference; lastKnownFileType = sourcecode.cpp.cpp; path = DictGroup.cpp; sourceTree = "<group>"; };
		OBJ_25 /* MaxMatchSegmentation.cpp */ = {isa = PBXFileReference; lastKnownFileType = sourcecode.cpp.cpp; path = MaxMatchSegmentation.cpp; sourceTree = "<group>"; };
		OBJ_26 /* PhraseExtract.cpp */ = {isa = PBXFileReference; lastKnownFileType = sourcecode.cpp.cpp; path = PhraseExtract.cpp; sourceTree = "<group>"; };
		OBJ_27 /* Segmentation.cpp */ = {isa = PBXFileReference; lastKnownFileType = sourcecode.cpp.cpp; path = Segmentation.cpp; sourceTree = "<group>"; };
		OBJ_28 /* TextDict.cpp */ = {isa = PBXFileReference; lastKnownFileType = sourcecode.cpp.cpp; path = TextDict.cpp; sourceTree = "<group>"; };
		OBJ_29 /* UTF8StringSlice.cpp */ = {isa = PBXFileReference; lastKnownFileType = sourcecode.cpp.cpp; path = UTF8StringSlice.cpp; sourceTree = "<group>"; };
		OBJ_30 /* UTF8Util.cpp */ = {isa = PBXFileReference; lastKnownFileType = sourcecode.cpp.cpp; path = UTF8Util.cpp; sourceTree = "<group>"; };
		OBJ_31 /* source.cpp */ = {isa = PBXFileReference; lastKnownFileType = sourcecode.cpp.cpp; path = source.cpp; sourceTree = "<group>"; };
		OBJ_33 /* header.h */ = {isa = PBXFileReference; lastKnownFileType = sourcecode.c.h; path = header.h; sourceTree = "<group>"; };
		OBJ_34 /* module.modulemap */ = {isa = PBXFileReference; lastKnownFileType = "sourcecode.module-map"; path = module.modulemap; sourceTree = "<group>"; };
		OBJ_37 /* OpenCCTests.swift */ = {isa = PBXFileReference; lastKnownFileType = sourcecode.swift; path = OpenCCTests.swift; sourceTree = "<group>"; };
		OBJ_38 /* XCTestManifests.swift */ = {isa = PBXFileReference; lastKnownFileType = sourcecode.swift; path = XCTestManifests.swift; sourceTree = "<group>"; };
		OBJ_43 /* OpenCC */ = {isa = PBXFileReference; lastKnownFileType = folder; path = OpenCC; sourceTree = SOURCE_ROOT; };
		OBJ_44 /* TestResources */ = {isa = PBXFileReference; lastKnownFileType = folder; path = TestResources; sourceTree = SOURCE_ROOT; };
		OBJ_45 /* OpenCCDictionary.bundle */ = {isa = PBXFileReference; lastKnownFileType = "wrapper.plug-in"; path = OpenCCDictionary.bundle; sourceTree = SOURCE_ROOT; };
		OBJ_46 /* OpenCCDictionary */ = {isa = PBXFileReference; lastKnownFileType = folder; path = OpenCCDictionary; sourceTree = SOURCE_ROOT; };
		OBJ_47 /* LICENSE */ = {isa = PBXFileReference; lastKnownFileType = text; path = LICENSE; sourceTree = "<group>"; };
		OBJ_48 /* README.md */ = {isa = PBXFileReference; lastKnownFileType = net.daringfireball.markdown; path = README.md; sourceTree = "<group>"; };
		OBJ_6 /* Package.swift */ = {isa = PBXFileReference; explicitFileType = sourcecode.swift; path = Package.swift; sourceTree = "<group>"; };
		OBJ_9 /* ChineseConverter.swift */ = {isa = PBXFileReference; lastKnownFileType = sourcecode.swift; path = ChineseConverter.swift; sourceTree = "<group>"; };
		"SwiftyOpenCC::OpenCC::Product" /* OpenCC.framework */ = {isa = PBXFileReference; lastKnownFileType = wrapper.framework; path = OpenCC.framework; sourceTree = BUILT_PRODUCTS_DIR; };
		"SwiftyOpenCC::OpenCCTests::Product" /* OpenCCTests.xctest */ = {isa = PBXFileReference; lastKnownFileType = file; path = OpenCCTests.xctest; sourceTree = BUILT_PRODUCTS_DIR; };
		"SwiftyOpenCC::copencc::Product" /* copencc.framework */ = {isa = PBXFileReference; explicitFileType = wrapper.framework; path = copencc.framework; sourceTree = BUILT_PRODUCTS_DIR; };
/* End PBXFileReference section */

/* Begin PBXFrameworksBuildPhase section */
		OBJ_106 /* Frameworks */ = {
			isa = PBXFrameworksBuildPhase;
			buildActionMask = 0;
			files = (
			);
			runOnlyForDeploymentPostprocessing = 0;
		};
		OBJ_60 /* Frameworks */ = {
			isa = PBXFrameworksBuildPhase;
			buildActionMask = 0;
			files = (
				OBJ_61 /* copencc.framework in Frameworks */,
			);
			runOnlyForDeploymentPostprocessing = 0;
		};
		OBJ_71 /* Frameworks */ = {
			isa = PBXFrameworksBuildPhase;
			buildActionMask = 0;
			files = (
				OBJ_72 /* OpenCC.framework in Frameworks */,
				OBJ_73 /* copencc.framework in Frameworks */,
			);
			runOnlyForDeploymentPostprocessing = 0;
		};
/* End PBXFrameworksBuildPhase section */

/* Begin PBXGroup section */
		OBJ_15 /* copencc */ = {
			isa = PBXGroup;
			children = (
				OBJ_16 /* opencc */,
				OBJ_31 /* source.cpp */,
				OBJ_32 /* include */,
			);
			name = copencc;
			path = Sources/copencc;
			sourceTree = SOURCE_ROOT;
		};
		OBJ_16 /* opencc */ = {
			isa = PBXGroup;
			children = (
				OBJ_17 /* BinaryDict.cpp */,
				OBJ_18 /* Conversion.cpp */,
				OBJ_19 /* ConversionChain.cpp */,
				OBJ_20 /* Converter.cpp */,
				OBJ_21 /* DartsDict.cpp */,
				OBJ_22 /* Dict.cpp */,
				OBJ_23 /* DictEntry.cpp */,
				OBJ_24 /* DictGroup.cpp */,
				OBJ_25 /* MaxMatchSegmentation.cpp */,
				OBJ_26 /* PhraseExtract.cpp */,
				OBJ_27 /* Segmentation.cpp */,
				OBJ_28 /* TextDict.cpp */,
				OBJ_29 /* UTF8StringSlice.cpp */,
				OBJ_30 /* UTF8Util.cpp */,
			);
			path = opencc;
			sourceTree = "<group>";
		};
		OBJ_32 /* include */ = {
			isa = PBXGroup;
			children = (
				OBJ_33 /* header.h */,
				OBJ_34 /* module.modulemap */,
			);
			path = include;
			sourceTree = "<group>";
		};
		OBJ_35 /* Tests */ = {
			isa = PBXGroup;
			children = (
				OBJ_36 /* OpenCCTests */,
			);
			name = Tests;
			sourceTree = SOURCE_ROOT;
		};
		OBJ_36 /* OpenCCTests */ = {
			isa = PBXGroup;
			children = (
				OBJ_37 /* OpenCCTests.swift */,
				OBJ_38 /* XCTestManifests.swift */,
			);
			name = OpenCCTests;
			path = Tests/OpenCCTests;
			sourceTree = SOURCE_ROOT;
		};
		OBJ_39 /* Products */ = {
			isa = PBXGroup;
			children = (
				"SwiftyOpenCC::OpenCCTests::Product" /* OpenCCTests.xctest */,
				"SwiftyOpenCC::copencc::Product" /* copencc.framework */,
				"SwiftyOpenCC::OpenCC::Product" /* OpenCC.framework */,
			);
			name = Products;
			sourceTree = BUILT_PRODUCTS_DIR;
		};
		OBJ_5 /*  */ = {
			isa = PBXGroup;
			children = (
				OBJ_6 /* Package.swift */,
				OBJ_7 /* Sources */,
				OBJ_35 /* Tests */,
				OBJ_39 /* Products */,
				OBJ_43 /* OpenCC */,
				OBJ_44 /* TestResources */,
				OBJ_45 /* OpenCCDictionary.bundle */,
				OBJ_46 /* OpenCCDictionary */,
				OBJ_47 /* LICENSE */,
				OBJ_48 /* README.md */,
			);
			name = "";
			sourceTree = "<group>";
		};
		OBJ_7 /* Sources */ = {
			isa = PBXGroup;
			children = (
				OBJ_8 /* OpenCC */,
				OBJ_15 /* copencc */,
			);
			name = Sources;
			sourceTree = SOURCE_ROOT;
		};
		OBJ_8 /* OpenCC */ = {
			isa = PBXGroup;
			children = (
				OBJ_9 /* ChineseConverter.swift */,
				OBJ_10 /* ConversionDictionary.swift */,
				OBJ_11 /* Deprecated.swift */,
				OBJ_12 /* DictionaryLoader.swift */,
				OBJ_13 /* DictionaryName.swift */,
				OBJ_14 /* WeakValueCache.swift */,
			);
			name = OpenCC;
			path = Sources/OpenCC;
			sourceTree = SOURCE_ROOT;
		};
/* End PBXGroup section */

/* Begin PBXNativeTarget section */
		"SwiftyOpenCC::OpenCC" /* OpenCC */ = {
			isa = PBXNativeTarget;
			buildConfigurationList = OBJ_50 /* Build configuration list for PBXNativeTarget "OpenCC" */;
			buildPhases = (
				OBJ_53 /* Sources */,
				OBJ_60 /* Frameworks */,
			);
			buildRules = (
			);
			dependencies = (
				OBJ_62 /* PBXTargetDependency */,
			);
			name = OpenCC;
			productName = OpenCC;
			productReference = "SwiftyOpenCC::OpenCC::Product" /* OpenCC.framework */;
			productType = "com.apple.product-type.framework";
		};
		"SwiftyOpenCC::OpenCCTests" /* OpenCCTests */ = {
			isa = PBXNativeTarget;
			buildConfigurationList = OBJ_65 /* Build configuration list for PBXNativeTarget "OpenCCTests" */;
			buildPhases = (
				OBJ_68 /* Sources */,
				OBJ_71 /* Frameworks */,
			);
			buildRules = (
			);
			dependencies = (
				OBJ_74 /* PBXTargetDependency */,
				OBJ_75 /* PBXTargetDependency */,
			);
			name = OpenCCTests;
			productName = OpenCCTests;
			productReference = "SwiftyOpenCC::OpenCCTests::Product" /* OpenCCTests.xctest */;
			productType = "com.apple.product-type.bundle.unit-test";
		};
		"SwiftyOpenCC::SwiftPMPackageDescription" /* SwiftyOpenCCPackageDescription */ = {
			isa = PBXNativeTarget;
			buildConfigurationList = OBJ_77 /* Build configuration list for PBXNativeTarget "SwiftyOpenCCPackageDescription" */;
			buildPhases = (
				OBJ_80 /* Sources */,
			);
			buildRules = (
			);
			dependencies = (
			);
			name = SwiftyOpenCCPackageDescription;
			productName = SwiftyOpenCCPackageDescription;
			productType = "com.apple.product-type.framework";
		};
		"SwiftyOpenCC::copencc" /* copencc */ = {
			isa = PBXNativeTarget;
			buildConfigurationList = OBJ_87 /* Build configuration list for PBXNativeTarget "copencc" */;
			buildPhases = (
				OBJ_90 /* Sources */,
				OBJ_106 /* Frameworks */,
			);
			buildRules = (
			);
			dependencies = (
			);
			name = copencc;
			productName = copencc;
			productReference = "SwiftyOpenCC::copencc::Product" /* copencc.framework */;
			productType = "com.apple.product-type.framework";
		};
/* End PBXNativeTarget section */

/* Begin PBXProject section */
		OBJ_1 /* Project object */ = {
			isa = PBXProject;
			attributes = {
				LastSwiftMigration = 9999;
				LastUpgradeCheck = 9999;
			};
			buildConfigurationList = OBJ_2 /* Build configuration list for PBXProject "SwiftyOpenCC" */;
			compatibilityVersion = "Xcode 3.2";
			developmentRegion = en;
			hasScannedForEncodings = 0;
			knownRegions = (
				en,
			);
			mainGroup = OBJ_5 /*  */;
			productRefGroup = OBJ_39 /* Products */;
			projectDirPath = "";
			projectRoot = "";
			targets = (
				"SwiftyOpenCC::OpenCC" /* OpenCC */,
				"SwiftyOpenCC::OpenCCTests" /* OpenCCTests */,
				"SwiftyOpenCC::SwiftPMPackageDescription" /* SwiftyOpenCCPackageDescription */,
				"SwiftyOpenCC::SwiftyOpenCCPackageTests::ProductTarget" /* SwiftyOpenCCPackageTests */,
				"SwiftyOpenCC::copencc" /* copencc */,
			);
		};
/* End PBXProject section */

/* Begin PBXSourcesBuildPhase section */
		OBJ_53 /* Sources */ = {
			isa = PBXSourcesBuildPhase;
			buildActionMask = 0;
			files = (
				OBJ_54 /* ChineseConverter.swift in Sources */,
				OBJ_55 /* ConversionDictionary.swift in Sources */,
				OBJ_56 /* Deprecated.swift in Sources */,
				OBJ_57 /* DictionaryLoader.swift in Sources */,
				OBJ_58 /* DictionaryName.swift in Sources */,
				OBJ_59 /* WeakValueCache.swift in Sources */,
			);
			runOnlyForDeploymentPostprocessing = 0;
		};
		OBJ_68 /* Sources */ = {
			isa = PBXSourcesBuildPhase;
			buildActionMask = 0;
			files = (
				OBJ_69 /* OpenCCTests.swift in Sources */,
				OBJ_70 /* XCTestManifests.swift in Sources */,
			);
			runOnlyForDeploymentPostprocessing = 0;
		};
		OBJ_80 /* Sources */ = {
			isa = PBXSourcesBuildPhase;
			buildActionMask = 0;
			files = (
				OBJ_81 /* Package.swift in Sources */,
			);
			runOnlyForDeploymentPostprocessing = 0;
		};
		OBJ_90 /* Sources */ = {
			isa = PBXSourcesBuildPhase;
			buildActionMask = 0;
			files = (
				OBJ_91 /* BinaryDict.cpp in Sources */,
				OBJ_92 /* Conversion.cpp in Sources */,
				OBJ_93 /* ConversionChain.cpp in Sources */,
				OBJ_94 /* Converter.cpp in Sources */,
				OBJ_95 /* DartsDict.cpp in Sources */,
				OBJ_96 /* Dict.cpp in Sources */,
				OBJ_97 /* DictEntry.cpp in Sources */,
				OBJ_98 /* DictGroup.cpp in Sources */,
				OBJ_99 /* MaxMatchSegmentation.cpp in Sources */,
				OBJ_100 /* PhraseExtract.cpp in Sources */,
				OBJ_101 /* Segmentation.cpp in Sources */,
				OBJ_102 /* TextDict.cpp in Sources */,
				OBJ_103 /* UTF8StringSlice.cpp in Sources */,
				OBJ_104 /* UTF8Util.cpp in Sources */,
				OBJ_105 /* source.cpp in Sources */,
			);
			runOnlyForDeploymentPostprocessing = 0;
		};
/* End PBXSourcesBuildPhase section */

/* Begin PBXTargetDependency section */
		OBJ_62 /* PBXTargetDependency */ = {
			isa = PBXTargetDependency;
			target = "SwiftyOpenCC::copencc" /* copencc */;
			targetProxy = BB947E0D23BF404100C43BF2 /* PBXContainerItemProxy */;
		};
		OBJ_74 /* PBXTargetDependency */ = {
			isa = PBXTargetDependency;
			target = "SwiftyOpenCC::OpenCC" /* OpenCC */;
			targetProxy = BB947E0E23BF404100C43BF2 /* PBXContainerItemProxy */;
		};
		OBJ_75 /* PBXTargetDependency */ = {
			isa = PBXTargetDependency;
			target = "SwiftyOpenCC::copencc" /* copencc */;
			targetProxy = BB947E0F23BF404100C43BF2 /* PBXContainerItemProxy */;
		};
		OBJ_86 /* PBXTargetDependency */ = {
			isa = PBXTargetDependency;
			target = "SwiftyOpenCC::OpenCCTests" /* OpenCCTests */;
			targetProxy = BB947E1023BF404200C43BF2 /* PBXContainerItemProxy */;
		};
/* End PBXTargetDependency section */

/* Begin XCBuildConfiguration section */
		OBJ_3 /* Debug */ = {
			isa = XCBuildConfiguration;
			buildSettings = {
				CLANG_ENABLE_OBJC_ARC = YES;
				COMBINE_HIDPI_IMAGES = YES;
				COPY_PHASE_STRIP = NO;
				DEBUG_INFORMATION_FORMAT = dwarf;
				DYLIB_INSTALL_NAME_BASE = "@rpath";
				ENABLE_NS_ASSERTIONS = YES;
				GCC_OPTIMIZATION_LEVEL = 0;
				GCC_PREPROCESSOR_DEFINITIONS = (
					"$(inherited)",
					"SWIFT_PACKAGE=1",
					"DEBUG=1",
				);
				MACOSX_DEPLOYMENT_TARGET = 10.10;
				ONLY_ACTIVE_ARCH = YES;
				OTHER_SWIFT_FLAGS = "$(inherited) -DXcode";
				PRODUCT_NAME = "$(TARGET_NAME)";
				SDKROOT = macosx;
				SUPPORTED_PLATFORMS = "macosx iphoneos iphonesimulator appletvos appletvsimulator watchos watchsimulator";
				SWIFT_ACTIVE_COMPILATION_CONDITIONS = "$(inherited) SWIFT_PACKAGE DEBUG";
				SWIFT_OPTIMIZATION_LEVEL = "-Onone";
				USE_HEADERMAP = NO;
			};
			name = Debug;
		};
		OBJ_4 /* Release */ = {
			isa = XCBuildConfiguration;
			buildSettings = {
				CLANG_ENABLE_OBJC_ARC = YES;
				COMBINE_HIDPI_IMAGES = YES;
				COPY_PHASE_STRIP = YES;
				DEBUG_INFORMATION_FORMAT = "dwarf-with-dsym";
				DYLIB_INSTALL_NAME_BASE = "@rpath";
				GCC_OPTIMIZATION_LEVEL = s;
				GCC_PREPROCESSOR_DEFINITIONS = (
					"$(inherited)",
					"SWIFT_PACKAGE=1",
				);
				MACOSX_DEPLOYMENT_TARGET = 10.10;
				OTHER_SWIFT_FLAGS = "$(inherited) -DXcode";
				PRODUCT_NAME = "$(TARGET_NAME)";
				SDKROOT = macosx;
				SUPPORTED_PLATFORMS = "macosx iphoneos iphonesimulator appletvos appletvsimulator watchos watchsimulator";
				SWIFT_ACTIVE_COMPILATION_CONDITIONS = "$(inherited) SWIFT_PACKAGE";
				SWIFT_OPTIMIZATION_LEVEL = "-Owholemodule";
				USE_HEADERMAP = NO;
			};
			name = Release;
		};
		OBJ_51 /* Debug */ = {
			isa = XCBuildConfiguration;
			buildSettings = {
				ENABLE_TESTABILITY = YES;
				FRAMEWORK_SEARCH_PATHS = (
					"$(inherited)",
					"$(PLATFORM_DIR)/Developer/Library/Frameworks",
				);
				HEADER_SEARCH_PATHS = (
					"$(inherited)",
					"$(SRCROOT)/Sources/copencc/include",
				);
				INFOPLIST_FILE = SwiftyOpenCC.xcodeproj/OpenCC_Info.plist;
				IPHONEOS_DEPLOYMENT_TARGET = 8.0;
				LD_RUNPATH_SEARCH_PATHS = "$(inherited) $(TOOLCHAIN_DIR)/usr/lib/swift/macosx";
				MACOSX_DEPLOYMENT_TARGET = 10.10;
				OTHER_CFLAGS = "$(inherited)";
				OTHER_LDFLAGS = "$(inherited)";
				OTHER_SWIFT_FLAGS = "$(inherited) -Xcc -fmodule-map-file=$(SRCROOT)/Sources/copencc/include/module.modulemap";
				PRODUCT_BUNDLE_IDENTIFIER = OpenCC;
				PRODUCT_MODULE_NAME = "$(TARGET_NAME:c99extidentifier)";
				PRODUCT_NAME = "$(TARGET_NAME:c99extidentifier)";
				SKIP_INSTALL = YES;
				SWIFT_ACTIVE_COMPILATION_CONDITIONS = "$(inherited)";
				SWIFT_VERSION = 5.0;
				TARGET_NAME = OpenCC;
				TVOS_DEPLOYMENT_TARGET = 9.0;
				WATCHOS_DEPLOYMENT_TARGET = 2.0;
			};
			name = Debug;
		};
		OBJ_52 /* Release */ = {
			isa = XCBuildConfiguration;
			buildSettings = {
				ENABLE_TESTABILITY = YES;
				FRAMEWORK_SEARCH_PATHS = (
					"$(inherited)",
					"$(PLATFORM_DIR)/Developer/Library/Frameworks",
				);
				HEADER_SEARCH_PATHS = (
					"$(inherited)",
					"$(SRCROOT)/Sources/copencc/include",
				);
				INFOPLIST_FILE = SwiftyOpenCC.xcodeproj/OpenCC_Info.plist;
				IPHONEOS_DEPLOYMENT_TARGET = 8.0;
				LD_RUNPATH_SEARCH_PATHS = "$(inherited) $(TOOLCHAIN_DIR)/usr/lib/swift/macosx";
				MACOSX_DEPLOYMENT_TARGET = 10.10;
				OTHER_CFLAGS = "$(inherited)";
				OTHER_LDFLAGS = "$(inherited)";
				OTHER_SWIFT_FLAGS = "$(inherited) -Xcc -fmodule-map-file=$(SRCROOT)/Sources/copencc/include/module.modulemap";
				PRODUCT_BUNDLE_IDENTIFIER = OpenCC;
				PRODUCT_MODULE_NAME = "$(TARGET_NAME:c99extidentifier)";
				PRODUCT_NAME = "$(TARGET_NAME:c99extidentifier)";
				SKIP_INSTALL = YES;
				SWIFT_ACTIVE_COMPILATION_CONDITIONS = "$(inherited)";
				SWIFT_VERSION = 5.0;
				TARGET_NAME = OpenCC;
				TVOS_DEPLOYMENT_TARGET = 9.0;
				WATCHOS_DEPLOYMENT_TARGET = 2.0;
			};
			name = Release;
		};
		OBJ_66 /* Debug */ = {
			isa = XCBuildConfiguration;
			buildSettings = {
				CLANG_ENABLE_MODULES = YES;
				EMBEDDED_CONTENT_CONTAINS_SWIFT = YES;
				FRAMEWORK_SEARCH_PATHS = (
					"$(inherited)",
					"$(PLATFORM_DIR)/Developer/Library/Frameworks",
				);
				HEADER_SEARCH_PATHS = (
					"$(inherited)",
					"$(SRCROOT)/Sources/copencc/include",
				);
				INFOPLIST_FILE = SwiftyOpenCC.xcodeproj/OpenCCTests_Info.plist;
				IPHONEOS_DEPLOYMENT_TARGET = 8.0;
				LD_RUNPATH_SEARCH_PATHS = "$(inherited) @loader_path/../Frameworks @loader_path/Frameworks";
				MACOSX_DEPLOYMENT_TARGET = 10.10;
				OTHER_CFLAGS = "$(inherited)";
				OTHER_LDFLAGS = "$(inherited)";
				OTHER_SWIFT_FLAGS = "$(inherited) -Xcc -fmodule-map-file=$(SRCROOT)/Sources/copencc/include/module.modulemap";
				SWIFT_ACTIVE_COMPILATION_CONDITIONS = "$(inherited)";
				SWIFT_VERSION = 5.0;
				TARGET_NAME = OpenCCTests;
				TVOS_DEPLOYMENT_TARGET = 9.0;
				WATCHOS_DEPLOYMENT_TARGET = 2.0;
			};
			name = Debug;
		};
		OBJ_67 /* Release */ = {
			isa = XCBuildConfiguration;
			buildSettings = {
				CLANG_ENABLE_MODULES = YES;
				EMBEDDED_CONTENT_CONTAINS_SWIFT = YES;
				FRAMEWORK_SEARCH_PATHS = (
					"$(inherited)",
					"$(PLATFORM_DIR)/Developer/Library/Frameworks",
				);
				HEADER_SEARCH_PATHS = (
					"$(inherited)",
					"$(SRCROOT)/Sources/copencc/include",
				);
				INFOPLIST_FILE = SwiftyOpenCC.xcodeproj/OpenCCTests_Info.plist;
				IPHONEOS_DEPLOYMENT_TARGET = 8.0;
				LD_RUNPATH_SEARCH_PATHS = "$(inherited) @loader_path/../Frameworks @loader_path/Frameworks";
				MACOSX_DEPLOYMENT_TARGET = 10.10;
				OTHER_CFLAGS = "$(inherited)";
				OTHER_LDFLAGS = "$(inherited)";
				OTHER_SWIFT_FLAGS = "$(inherited) -Xcc -fmodule-map-file=$(SRCROOT)/Sources/copencc/include/module.modulemap";
				SWIFT_ACTIVE_COMPILATION_CONDITIONS = "$(inherited)";
				SWIFT_VERSION = 5.0;
				TARGET_NAME = OpenCCTests;
				TVOS_DEPLOYMENT_TARGET = 9.0;
				WATCHOS_DEPLOYMENT_TARGET = 2.0;
			};
			name = Release;
		};
		OBJ_78 /* Debug */ = {
			isa = XCBuildConfiguration;
			buildSettings = {
				LD = /usr/bin/true;
				OTHER_SWIFT_FLAGS = "-swift-version 5 -I $(TOOLCHAIN_DIR)/usr/lib/swift/pm/4_2 -target x86_64-apple-macosx10.10 -sdk /Applications/Xcode.app/Contents/Developer/Platforms/MacOSX.platform/Developer/SDKs/MacOSX10.15.sdk -package-description-version 5";
				SWIFT_VERSION = 5.0;
			};
			name = Debug;
		};
		OBJ_79 /* Release */ = {
			isa = XCBuildConfiguration;
			buildSettings = {
				LD = /usr/bin/true;
				OTHER_SWIFT_FLAGS = "-swift-version 5 -I $(TOOLCHAIN_DIR)/usr/lib/swift/pm/4_2 -target x86_64-apple-macosx10.10 -sdk /Applications/Xcode.app/Contents/Developer/Platforms/MacOSX.platform/Developer/SDKs/MacOSX10.15.sdk -package-description-version 5";
				SWIFT_VERSION = 5.0;
			};
			name = Release;
		};
		OBJ_84 /* Debug */ = {
			isa = XCBuildConfiguration;
			buildSettings = {
			};
			name = Debug;
		};
		OBJ_85 /* Release */ = {
			isa = XCBuildConfiguration;
			buildSettings = {
			};
			name = Release;
		};
		OBJ_88 /* Debug */ = {
			isa = XCBuildConfiguration;
			buildSettings = {
				CLANG_CXX_LANGUAGE_STANDARD = "gnu++11";
				DEFINES_MODULE = NO;
				ENABLE_TESTABILITY = YES;
				FRAMEWORK_SEARCH_PATHS = (
					"$(inherited)",
					"$(PLATFORM_DIR)/Developer/Library/Frameworks",
				);
				GCC_C_LANGUAGE_STANDARD = gnu99;
				HEADER_SEARCH_PATHS = (
					"$(inherited)",
					"$(SRCROOT)/Sources/copencc/include",
					"$(SRCROOT)/Sources/copencc/opencc",
				);
				INFOPLIST_FILE = SwiftyOpenCC.xcodeproj/copencc_Info.plist;
				IPHONEOS_DEPLOYMENT_TARGET = 8.0;
				LD_RUNPATH_SEARCH_PATHS = "$(inherited) $(TOOLCHAIN_DIR)/usr/lib/swift/macosx";
				MACOSX_DEPLOYMENT_TARGET = 10.10;
				OTHER_CFLAGS = "$(inherited)";
				OTHER_LDFLAGS = "$(inherited)";
				OTHER_SWIFT_FLAGS = "$(inherited)";
				PRODUCT_BUNDLE_IDENTIFIER = copencc;
				PRODUCT_MODULE_NAME = "$(TARGET_NAME:c99extidentifier)";
				PRODUCT_NAME = "$(TARGET_NAME:c99extidentifier)";
				SKIP_INSTALL = YES;
				SWIFT_ACTIVE_COMPILATION_CONDITIONS = "$(inherited)";
				TARGET_NAME = copencc;
				TVOS_DEPLOYMENT_TARGET = 9.0;
				WATCHOS_DEPLOYMENT_TARGET = 2.0;
			};
			name = Debug;
		};
		OBJ_89 /* Release */ = {
			isa = XCBuildConfiguration;
			buildSettings = {
				CLANG_CXX_LANGUAGE_STANDARD = "gnu++11";
				DEFINES_MODULE = NO;
				ENABLE_TESTABILITY = YES;
				FRAMEWORK_SEARCH_PATHS = (
					"$(inherited)",
					"$(PLATFORM_DIR)/Developer/Library/Frameworks",
				);
				GCC_C_LANGUAGE_STANDARD = gnu99;
				HEADER_SEARCH_PATHS = (
					"$(inherited)",
					"$(SRCROOT)/Sources/copencc/include",
					"$(SRCROOT)/Sources/copencc/opencc",
				);
				INFOPLIST_FILE = SwiftyOpenCC.xcodeproj/copencc_Info.plist;
				IPHONEOS_DEPLOYMENT_TARGET = 8.0;
				LD_RUNPATH_SEARCH_PATHS = "$(inherited) $(TOOLCHAIN_DIR)/usr/lib/swift/macosx";
				MACOSX_DEPLOYMENT_TARGET = 10.10;
				OTHER_CFLAGS = "$(inherited)";
				OTHER_LDFLAGS = "$(inherited)";
				OTHER_SWIFT_FLAGS = "$(inherited)";
				PRODUCT_BUNDLE_IDENTIFIER = copencc;
				PRODUCT_MODULE_NAME = "$(TARGET_NAME:c99extidentifier)";
				PRODUCT_NAME = "$(TARGET_NAME:c99extidentifier)";
				SKIP_INSTALL = YES;
				SWIFT_ACTIVE_COMPILATION_CONDITIONS = "$(inherited)";
				TARGET_NAME = copencc;
				TVOS_DEPLOYMENT_TARGET = 9.0;
				WATCHOS_DEPLOYMENT_TARGET = 2.0;
			};
			name = Release;
		};
/* End XCBuildConfiguration section */

/* Begin XCConfigurationList section */
		OBJ_2 /* Build configuration list for PBXProject "SwiftyOpenCC" */ = {
			isa = XCConfigurationList;
			buildConfigurations = (
				OBJ_3 /* Debug */,
				OBJ_4 /* Release */,
			);
			defaultConfigurationIsVisible = 0;
			defaultConfigurationName = Release;
		};
		OBJ_50 /* Build configuration list for PBXNativeTarget "OpenCC" */ = {
			isa = XCConfigurationList;
			buildConfigurations = (
				OBJ_51 /* Debug */,
				OBJ_52 /* Release */,
			);
			defaultConfigurationIsVisible = 0;
			defaultConfigurationName = Release;
		};
		OBJ_65 /* Build configuration list for PBXNativeTarget "OpenCCTests" */ = {
			isa = XCConfigurationList;
			buildConfigurations = (
				OBJ_66 /* Debug */,
				OBJ_67 /* Release */,
			);
			defaultConfigurationIsVisible = 0;
			defaultConfigurationName = Release;
		};
		OBJ_77 /* Build configuration list for PBXNativeTarget "SwiftyOpenCCPackageDescription" */ = {
			isa = XCConfigurationList;
			buildConfigurations = (
				OBJ_78 /* Debug */,
				OBJ_79 /* Release */,
			);
			defaultConfigurationIsVisible = 0;
			defaultConfigurationName = Release;
		};
		OBJ_83 /* Build configuration list for PBXAggregateTarget "SwiftyOpenCCPackageTests" */ = {
			isa = XCConfigurationList;
			buildConfigurations = (
				OBJ_84 /* Debug */,
				OBJ_85 /* Release */,
			);
			defaultConfigurationIsVisible = 0;
			defaultConfigurationName = Release;
		};
		OBJ_87 /* Build configuration list for PBXNativeTarget "copencc" */ = {
			isa = XCConfigurationList;
			buildConfigurations = (
				OBJ_88 /* Debug */,
				OBJ_89 /* Release */,
			);
			defaultConfigurationIsVisible = 0;
			defaultConfigurationName = Release;
		};
/* End XCConfigurationList section */
	};
	rootObject = OBJ_1 /* Project object */;
}
