// !$*UTF8*$!
{
	archiveVersion = 1;
	classes = {
	};
	objectVersion = 46;
	objects = {

/* Begin PBXAggregateTarget section */
		"SwiftyOpenCC::SwiftyOpenCCPackageTests::ProductTarget" /* SwiftyOpenCCPackageTests */ = {
			isa = PBXAggregateTarget;
			buildConfigurationList = OBJ_81 /* Build configuration list for PBXAggregateTarget "SwiftyOpenCCPackageTests" */;
			buildPhases = (
			);
			dependencies = (
				OBJ_84 /* PBXTargetDependency */,
			);
			name = SwiftyOpenCCPackageTests;
			productName = SwiftyOpenCCPackageTests;
		};
/* End PBXAggregateTarget section */

/* Begin PBXBuildFile section */
		OBJ_100 /* TextDict.cpp in Sources */ = {isa = PBXBuildFile; fileRef = OBJ_27 /* TextDict.cpp */; };
		OBJ_101 /* UTF8StringSlice.cpp in Sources */ = {isa = PBXBuildFile; fileRef = OBJ_28 /* UTF8StringSlice.cpp */; };
		OBJ_102 /* UTF8Util.cpp in Sources */ = {isa = PBXBuildFile; fileRef = OBJ_29 /* UTF8Util.cpp */; };
		OBJ_103 /* source.cpp in Sources */ = {isa = PBXBuildFile; fileRef = OBJ_30 /* source.cpp */; };
		OBJ_53 /* ChineseConverter.swift in Sources */ = {isa = PBXBuildFile; fileRef = OBJ_9 /* ChineseConverter.swift */; };
		OBJ_54 /* ConversionDictionary.swift in Sources */ = {isa = PBXBuildFile; fileRef = OBJ_10 /* ConversionDictionary.swift */; };
		OBJ_55 /* DictionaryLoader.swift in Sources */ = {isa = PBXBuildFile; fileRef = OBJ_11 /* DictionaryLoader.swift */; };
		OBJ_56 /* DictionaryName.swift in Sources */ = {isa = PBXBuildFile; fileRef = OBJ_12 /* DictionaryName.swift */; };
		OBJ_57 /* WeakValueCache.swift in Sources */ = {isa = PBXBuildFile; fileRef = OBJ_13 /* WeakValueCache.swift */; };
		OBJ_59 /* copencc.framework in Frameworks */ = {isa = PBXBuildFile; fileRef = "SwiftyOpenCC::copencc::Product" /* copencc.framework */; };
		OBJ_67 /* OpenCCTests.swift in Sources */ = {isa = PBXBuildFile; fileRef = OBJ_36 /* OpenCCTests.swift */; };
		OBJ_68 /* XCTestManifests.swift in Sources */ = {isa = PBXBuildFile; fileRef = OBJ_37 /* XCTestManifests.swift */; };
		OBJ_70 /* OpenCC.framework in Frameworks */ = {isa = PBXBuildFile; fileRef = "SwiftyOpenCC::OpenCC::Product" /* OpenCC.framework */; };
		OBJ_71 /* copencc.framework in Frameworks */ = {isa = PBXBuildFile; fileRef = "SwiftyOpenCC::copencc::Product" /* copencc.framework */; };
		OBJ_79 /* Package.swift in Sources */ = {isa = PBXBuildFile; fileRef = OBJ_6 /* Package.swift */; };
		OBJ_89 /* BinaryDict.cpp in Sources */ = {isa = PBXBuildFile; fileRef = OBJ_16 /* BinaryDict.cpp */; };
		OBJ_90 /* Conversion.cpp in Sources */ = {isa = PBXBuildFile; fileRef = OBJ_17 /* Conversion.cpp */; };
		OBJ_91 /* ConversionChain.cpp in Sources */ = {isa = PBXBuildFile; fileRef = OBJ_18 /* ConversionChain.cpp */; };
		OBJ_92 /* Converter.cpp in Sources */ = {isa = PBXBuildFile; fileRef = OBJ_19 /* Converter.cpp */; };
		OBJ_93 /* DartsDict.cpp in Sources */ = {isa = PBXBuildFile; fileRef = OBJ_20 /* DartsDict.cpp */; };
		OBJ_94 /* Dict.cpp in Sources */ = {isa = PBXBuildFile; fileRef = OBJ_21 /* Dict.cpp */; };
		OBJ_95 /* DictEntry.cpp in Sources */ = {isa = PBXBuildFile; fileRef = OBJ_22 /* DictEntry.cpp */; };
		OBJ_96 /* DictGroup.cpp in Sources */ = {isa = PBXBuildFile; fileRef = OBJ_23 /* DictGroup.cpp */; };
		OBJ_97 /* MaxMatchSegmentation.cpp in Sources */ = {isa = PBXBuildFile; fileRef = OBJ_24 /* MaxMatchSegmentation.cpp */; };
		OBJ_98 /* PhraseExtract.cpp in Sources */ = {isa = PBXBuildFile; fileRef = OBJ_25 /* PhraseExtract.cpp */; };
		OBJ_99 /* Segmentation.cpp in Sources */ = {isa = PBXBuildFile; fileRef = OBJ_26 /* Segmentation.cpp */; };
/* End PBXBuildFile section */

/* Begin PBXContainerItemProxy section */
		BB947E0923BEECD200C43BF2 /* PBXContainerItemProxy */ = {
			isa = PBXContainerItemProxy;
			containerPortal = OBJ_1 /* Project object */;
			proxyType = 1;
			remoteGlobalIDString = "SwiftyOpenCC::copencc";
			remoteInfo = copencc;
		};
		BB947E0A23BEECD200C43BF2 /* PBXContainerItemProxy */ = {
			isa = PBXContainerItemProxy;
			containerPortal = OBJ_1 /* Project object */;
			proxyType = 1;
			remoteGlobalIDString = "SwiftyOpenCC::OpenCC";
			remoteInfo = OpenCC;
		};
		BB947E0B23BEECD200C43BF2 /* PBXContainerItemProxy */ = {
			isa = PBXContainerItemProxy;
			containerPortal = OBJ_1 /* Project object */;
			proxyType = 1;
			remoteGlobalIDString = "SwiftyOpenCC::copencc";
			remoteInfo = copencc;
		};
		BB947E0C23BEECD300C43BF2 /* PBXContainerItemProxy */ = {
			isa = PBXContainerItemProxy;
			containerPortal = OBJ_1 /* Project object */;
			proxyType = 1;
			remoteGlobalIDString = "SwiftyOpenCC::OpenCCTests";
			remoteInfo = OpenCCTests;
		};
/* End PBXContainerItemProxy section */

/* Begin PBXFileReference section */
		OBJ_10 /* ConversionDictionary.swift */ = {isa = PBXFileReference; lastKnownFileType = sourcecode.swift; path = ConversionDictionary.swift; sourceTree = "<group>"; };
		OBJ_11 /* DictionaryLoader.swift */ = {isa = PBXFileReference; lastKnownFileType = sourcecode.swift; path = DictionaryLoader.swift; sourceTree = "<group>"; };
		OBJ_12 /* DictionaryName.swift */ = {isa = PBXFileReference; lastKnownFileType = sourcecode.swift; path = DictionaryName.swift; sourceTree = "<group>"; };
		OBJ_13 /* WeakValueCache.swift */ = {isa = PBXFileReference; lastKnownFileType = sourcecode.swift; path = WeakValueCache.swift; sourceTree = "<group>"; };
		OBJ_16 /* BinaryDict.cpp */ = {isa = PBXFileReference; lastKnownFileType = sourcecode.cpp.cpp; path = BinaryDict.cpp; sourceTree = "<group>"; };
		OBJ_17 /* Conversion.cpp */ = {isa = PBXFileReference; lastKnownFileType = sourcecode.cpp.cpp; path = Conversion.cpp; sourceTree = "<group>"; };
		OBJ_18 /* ConversionChain.cpp */ = {isa = PBXFileReference; lastKnownFileType = sourcecode.cpp.cpp; path = ConversionChain.cpp; sourceTree = "<group>"; };
		OBJ_19 /* Converter.cpp */ = {isa = PBXFileReference; lastKnownFileType = sourcecode.cpp.cpp; path = Converter.cpp; sourceTree = "<group>"; };
		OBJ_20 /* DartsDict.cpp */ = {isa = PBXFileReference; lastKnownFileType = sourcecode.cpp.cpp; path = DartsDict.cpp; sourceTree = "<group>"; };
		OBJ_21 /* Dict.cpp */ = {isa = PBXFileReference; lastKnownFileType = sourcecode.cpp.cpp; path = Dict.cpp; sourceTree = "<group>"; };
		OBJ_22 /* DictEntry.cpp */ = {isa = PBXFileReference; lastKnownFileType = sourcecode.cpp.cpp; path = DictEntry.cpp; sourceTree = "<group>"; };
		OBJ_23 /* DictGroup.cpp */ = {isa = PBXFileReference; lastKnownFileType = sourcecode.cpp.cpp; path = DictGroup.cpp; sourceTree = "<group>"; };
		OBJ_24 /* MaxMatchSegmentation.cpp */ = {isa = PBXFileReference; lastKnownFileType = sourcecode.cpp.cpp; path = MaxMatchSegmentation.cpp; sourceTree = "<group>"; };
		OBJ_25 /* PhraseExtract.cpp */ = {isa = PBXFileReference; lastKnownFileType = sourcecode.cpp.cpp; path = PhraseExtract.cpp; sourceTree = "<group>"; };
		OBJ_26 /* Segmentation.cpp */ = {isa = PBXFileReference; lastKnownFileType = sourcecode.cpp.cpp; path = Segmentation.cpp; sourceTree = "<group>"; };
		OBJ_27 /* TextDict.cpp */ = {isa = PBXFileReference; lastKnownFileType = sourcecode.cpp.cpp; path = TextDict.cpp; sourceTree = "<group>"; };
		OBJ_28 /* UTF8StringSlice.cpp */ = {isa = PBXFileReference; lastKnownFileType = sourcecode.cpp.cpp; path = UTF8StringSlice.cpp; sourceTree = "<group>"; };
		OBJ_29 /* UTF8Util.cpp */ = {isa = PBXFileReference; lastKnownFileType = sourcecode.cpp.cpp; path = UTF8Util.cpp; sourceTree = "<group>"; };
		OBJ_30 /* source.cpp */ = {isa = PBXFileReference; lastKnownFileType = sourcecode.cpp.cpp; path = source.cpp; sourceTree = "<group>"; };
		OBJ_32 /* header.h */ = {isa = PBXFileReference; lastKnownFileType = sourcecode.c.h; path = header.h; sourceTree = "<group>"; };
		OBJ_33 /* module.modulemap */ = {isa = PBXFileReference; lastKnownFileType = "sourcecode.module-map"; name = module.modulemap; path = /Users/dengxiang/Developer/OpenCC/SwiftyOpenCC.xcodeproj/GeneratedModuleMap/copencc/module.modulemap; sourceTree = "<group>"; };
		OBJ_36 /* OpenCCTests.swift */ = {isa = PBXFileReference; lastKnownFileType = sourcecode.swift; path = OpenCCTests.swift; sourceTree = "<group>"; };
		OBJ_37 /* XCTestManifests.swift */ = {isa = PBXFileReference; lastKnownFileType = sourcecode.swift; path = XCTestManifests.swift; sourceTree = "<group>"; };
		OBJ_42 /* OpenCC */ = {isa = PBXFileReference; lastKnownFileType = folder; path = OpenCC; sourceTree = SOURCE_ROOT; };
		OBJ_43 /* TestResources */ = {isa = PBXFileReference; lastKnownFileType = folder; path = TestResources; sourceTree = SOURCE_ROOT; };
		OBJ_44 /* OpenCCDictionary.bundle */ = {isa = PBXFileReference; lastKnownFileType = "wrapper.plug-in"; path = OpenCCDictionary.bundle; sourceTree = SOURCE_ROOT; };
		OBJ_45 /* OpenCCDictionary */ = {isa = PBXFileReference; lastKnownFileType = folder; path = OpenCCDictionary; sourceTree = SOURCE_ROOT; };
		OBJ_46 /* LICENSE */ = {isa = PBXFileReference; lastKnownFileType = text; path = LICENSE; sourceTree = "<group>"; };
		OBJ_47 /* README.md */ = {isa = PBXFileReference; lastKnownFileType = net.daringfireball.markdown; path = README.md; sourceTree = "<group>"; };
		OBJ_6 /* Package.swift */ = {isa = PBXFileReference; explicitFileType = sourcecode.swift; path = Package.swift; sourceTree = "<group>"; };
		OBJ_9 /* ChineseConverter.swift */ = {isa = PBXFileReference; lastKnownFileType = sourcecode.swift; path = ChineseConverter.swift; sourceTree = "<group>"; };
		"SwiftyOpenCC::OpenCC::Product" /* OpenCC.framework */ = {isa = PBXFileReference; lastKnownFileType = wrapper.framework; path = OpenCC.framework; sourceTree = BUILT_PRODUCTS_DIR; };
		"SwiftyOpenCC::OpenCCTests::Product" /* OpenCCTests.xctest */ = {isa = PBXFileReference; lastKnownFileType = file; path = OpenCCTests.xctest; sourceTree = BUILT_PRODUCTS_DIR; };
		"SwiftyOpenCC::copencc::Product" /* copencc.framework */ = {isa = PBXFileReference; explicitFileType = wrapper.framework; path = copencc.framework; sourceTree = BUILT_PRODUCTS_DIR; };
/* End PBXFileReference section */

/* Begin PBXFrameworksBuildPhase section */
		OBJ_104 /* Frameworks */ = {
			isa = PBXFrameworksBuildPhase;
			buildActionMask = 0;
			files = (
			);
			runOnlyForDeploymentPostprocessing = 0;
		};
		OBJ_58 /* Frameworks */ = {
			isa = PBXFrameworksBuildPhase;
			buildActionMask = 0;
			files = (
				OBJ_59 /* copencc.framework in Frameworks */,
			);
			runOnlyForDeploymentPostprocessing = 0;
		};
		OBJ_69 /* Frameworks */ = {
			isa = PBXFrameworksBuildPhase;
			buildActionMask = 0;
			files = (
				OBJ_70 /* OpenCC.framework in Frameworks */,
				OBJ_71 /* copencc.framework in Frameworks */,
			);
			runOnlyForDeploymentPostprocessing = 0;
		};
/* End PBXFrameworksBuildPhase section */

/* Begin PBXGroup section */
		OBJ_14 /* copencc */ = {
			isa = PBXGroup;
			children = (
				OBJ_15 /* opencc */,
				OBJ_30 /* source.cpp */,
				OBJ_31 /* include */,
			);
			name = copencc;
			path = Sources/copencc;
			sourceTree = SOURCE_ROOT;
		};
		OBJ_15 /* opencc */ = {
			isa = PBXGroup;
			children = (
				OBJ_16 /* BinaryDict.cpp */,
				OBJ_17 /* Conversion.cpp */,
				OBJ_18 /* ConversionChain.cpp */,
				OBJ_19 /* Converter.cpp */,
				OBJ_20 /* DartsDict.cpp */,
				OBJ_21 /* Dict.cpp */,
				OBJ_22 /* DictEntry.cpp */,
				OBJ_23 /* DictGroup.cpp */,
				OBJ_24 /* MaxMatchSegmentation.cpp */,
				OBJ_25 /* PhraseExtract.cpp */,
				OBJ_26 /* Segmentation.cpp */,
				OBJ_27 /* TextDict.cpp */,
				OBJ_28 /* UTF8StringSlice.cpp */,
				OBJ_29 /* UTF8Util.cpp */,
			);
			path = opencc;
			sourceTree = "<group>";
		};
		OBJ_31 /* include */ = {
			isa = PBXGroup;
			children = (
				OBJ_32 /* header.h */,
				OBJ_33 /* module.modulemap */,
			);
			path = include;
			sourceTree = "<group>";
		};
		OBJ_34 /* Tests */ = {
			isa = PBXGroup;
			children = (
				OBJ_35 /* OpenCCTests */,
			);
			name = Tests;
			sourceTree = SOURCE_ROOT;
		};
		OBJ_35 /* OpenCCTests */ = {
			isa = PBXGroup;
			children = (
				OBJ_36 /* OpenCCTests.swift */,
				OBJ_37 /* XCTestManifests.swift */,
			);
			name = OpenCCTests;
			path = Tests/OpenCCTests;
			sourceTree = SOURCE_ROOT;
		};
		OBJ_38 /* Products */ = {
			isa = PBXGroup;
			children = (
				"SwiftyOpenCC::OpenCC::Product" /* OpenCC.framework */,
				"SwiftyOpenCC::OpenCCTests::Product" /* OpenCCTests.xctest */,
				"SwiftyOpenCC::copencc::Product" /* copencc.framework */,
			);
			name = Products;
			sourceTree = BUILT_PRODUCTS_DIR;
		};
		OBJ_5 /*  */ = {
			isa = PBXGroup;
			children = (
				OBJ_6 /* Package.swift */,
				OBJ_7 /* Sources */,
				OBJ_34 /* Tests */,
				OBJ_38 /* Products */,
				OBJ_42 /* OpenCC */,
				OBJ_43 /* TestResources */,
				OBJ_44 /* OpenCCDictionary.bundle */,
				OBJ_45 /* OpenCCDictionary */,
				OBJ_46 /* LICENSE */,
				OBJ_47 /* README.md */,
			);
			name = "";
			sourceTree = "<group>";
		};
		OBJ_7 /* Sources */ = {
			isa = PBXGroup;
			children = (
				OBJ_8 /* OpenCC */,
				OBJ_14 /* copencc */,
			);
			name = Sources;
			sourceTree = SOURCE_ROOT;
		};
		OBJ_8 /* OpenCC */ = {
			isa = PBXGroup;
			children = (
				OBJ_9 /* ChineseConverter.swift */,
				OBJ_10 /* ConversionDictionary.swift */,
				OBJ_11 /* DictionaryLoader.swift */,
				OBJ_12 /* DictionaryName.swift */,
				OBJ_13 /* WeakValueCache.swift */,
			);
			name = OpenCC;
			path = Sources/OpenCC;
			sourceTree = SOURCE_ROOT;
		};
/* End PBXGroup section */

/* Begin PBXNativeTarget section */
		"SwiftyOpenCC::OpenCC" /* OpenCC */ = {
			isa = PBXNativeTarget;
			buildConfigurationList = OBJ_49 /* Build configuration list for PBXNativeTarget "OpenCC" */;
			buildPhases = (
				OBJ_52 /* Sources */,
				OBJ_58 /* Frameworks */,
			);
			buildRules = (
			);
			dependencies = (
				OBJ_60 /* PBXTargetDependency */,
			);
			name = OpenCC;
			productName = OpenCC;
			productReference = "SwiftyOpenCC::OpenCC::Product" /* OpenCC.framework */;
			productType = "com.apple.product-type.framework";
		};
		"SwiftyOpenCC::OpenCCTests" /* OpenCCTests */ = {
			isa = PBXNativeTarget;
			buildConfigurationList = OBJ_63 /* Build configuration list for PBXNativeTarget "OpenCCTests" */;
			buildPhases = (
				OBJ_66 /* Sources */,
				OBJ_69 /* Frameworks */,
			);
			buildRules = (
			);
			dependencies = (
				OBJ_72 /* PBXTargetDependency */,
				OBJ_73 /* PBXTargetDependency */,
			);
			name = OpenCCTests;
			productName = OpenCCTests;
			productReference = "SwiftyOpenCC::OpenCCTests::Product" /* OpenCCTests.xctest */;
			productType = "com.apple.product-type.bundle.unit-test";
		};
		"SwiftyOpenCC::SwiftPMPackageDescription" /* SwiftyOpenCCPackageDescription */ = {
			isa = PBXNativeTarget;
			buildConfigurationList = OBJ_75 /* Build configuration list for PBXNativeTarget "SwiftyOpenCCPackageDescription" */;
			buildPhases = (
				OBJ_78 /* Sources */,
			);
			buildRules = (
			);
			dependencies = (
			);
			name = SwiftyOpenCCPackageDescription;
			productName = SwiftyOpenCCPackageDescription;
			productType = "com.apple.product-type.framework";
		};
		"SwiftyOpenCC::copencc" /* copencc */ = {
			isa = PBXNativeTarget;
			buildConfigurationList = OBJ_85 /* Build configuration list for PBXNativeTarget "copencc" */;
			buildPhases = (
				OBJ_88 /* Sources */,
				OBJ_104 /* Frameworks */,
			);
			buildRules = (
			);
			dependencies = (
			);
			name = copencc;
			productName = copencc;
			productReference = "SwiftyOpenCC::copencc::Product" /* copencc.framework */;
			productType = "com.apple.product-type.framework";
		};
/* End PBXNativeTarget section */

/* Begin PBXProject section */
		OBJ_1 /* Project object */ = {
			isa = PBXProject;
			attributes = {
				LastSwiftMigration = 9999;
				LastUpgradeCheck = 9999;
			};
			buildConfigurationList = OBJ_2 /* Build configuration list for PBXProject "SwiftyOpenCC" */;
			compatibilityVersion = "Xcode 3.2";
			developmentRegion = en;
			hasScannedForEncodings = 0;
			knownRegions = (
				en,
			);
			mainGroup = OBJ_5 /*  */;
			productRefGroup = OBJ_38 /* Products */;
			projectDirPath = "";
			projectRoot = "";
			targets = (
				"SwiftyOpenCC::OpenCC" /* OpenCC */,
				"SwiftyOpenCC::OpenCCTests" /* OpenCCTests */,
				"SwiftyOpenCC::SwiftPMPackageDescription" /* SwiftyOpenCCPackageDescription */,
				"SwiftyOpenCC::SwiftyOpenCCPackageTests::ProductTarget" /* SwiftyOpenCCPackageTests */,
				"SwiftyOpenCC::copencc" /* copencc */,
			);
		};
/* End PBXProject section */

/* Begin PBXSourcesBuildPhase section */
		OBJ_52 /* Sources */ = {
			isa = PBXSourcesBuildPhase;
			buildActionMask = 0;
			files = (
				OBJ_53 /* ChineseConverter.swift in Sources */,
				OBJ_54 /* ConversionDictionary.swift in Sources */,
				OBJ_55 /* DictionaryLoader.swift in Sources */,
				OBJ_56 /* DictionaryName.swift in Sources */,
				OBJ_57 /* WeakValueCache.swift in Sources */,
			);
			runOnlyForDeploymentPostprocessing = 0;
		};
		OBJ_66 /* Sources */ = {
			isa = PBXSourcesBuildPhase;
			buildActionMask = 0;
			files = (
				OBJ_67 /* OpenCCTests.swift in Sources */,
				OBJ_68 /* XCTestManifests.swift in Sources */,
			);
			runOnlyForDeploymentPostprocessing = 0;
		};
		OBJ_78 /* Sources */ = {
			isa = PBXSourcesBuildPhase;
			buildActionMask = 0;
			files = (
				OBJ_79 /* Package.swift in Sources */,
			);
			runOnlyForDeploymentPostprocessing = 0;
		};
		OBJ_88 /* Sources */ = {
			isa = PBXSourcesBuildPhase;
			buildActionMask = 0;
			files = (
				OBJ_89 /* BinaryDict.cpp in Sources */,
				OBJ_90 /* Conversion.cpp in Sources */,
				OBJ_91 /* ConversionChain.cpp in Sources */,
				OBJ_92 /* Converter.cpp in Sources */,
				OBJ_93 /* DartsDict.cpp in Sources */,
				OBJ_94 /* Dict.cpp in Sources */,
				OBJ_95 /* DictEntry.cpp in Sources */,
				OBJ_96 /* DictGroup.cpp in Sources */,
				OBJ_97 /* MaxMatchSegmentation.cpp in Sources */,
				OBJ_98 /* PhraseExtract.cpp in Sources */,
				OBJ_99 /* Segmentation.cpp in Sources */,
				OBJ_100 /* TextDict.cpp in Sources */,
				OBJ_101 /* UTF8StringSlice.cpp in Sources */,
				OBJ_102 /* UTF8Util.cpp in Sources */,
				OBJ_103 /* source.cpp in Sources */,
			);
			runOnlyForDeploymentPostprocessing = 0;
		};
/* End PBXSourcesBuildPhase section */

/* Begin PBXTargetDependency section */
		OBJ_60 /* PBXTargetDependency */ = {
			isa = PBXTargetDependency;
			target = "SwiftyOpenCC::copencc" /* copencc */;
			targetProxy = BB947E0923BEECD200C43BF2 /* PBXContainerItemProxy */;
		};
		OBJ_72 /* PBXTargetDependency */ = {
			isa = PBXTargetDependency;
			target = "SwiftyOpenCC::OpenCC" /* OpenCC */;
			targetProxy = BB947E0A23BEECD200C43BF2 /* PBXContainerItemProxy */;
		};
		OBJ_73 /* PBXTargetDependency */ = {
			isa = PBXTargetDependency;
			target = "SwiftyOpenCC::copencc" /* copencc */;
			targetProxy = BB947E0B23BEECD200C43BF2 /* PBXContainerItemProxy */;
		};
		OBJ_84 /* PBXTargetDependency */ = {
			isa = PBXTargetDependency;
			target = "SwiftyOpenCC::OpenCCTests" /* OpenCCTests */;
			targetProxy = BB947E0C23BEECD300C43BF2 /* PBXContainerItemProxy */;
		};
/* End PBXTargetDependency section */

/* Begin XCBuildConfiguration section */
		OBJ_3 /* Debug */ = {
			isa = XCBuildConfiguration;
			buildSettings = {
				CLANG_ENABLE_OBJC_ARC = YES;
				COMBINE_HIDPI_IMAGES = YES;
				COPY_PHASE_STRIP = NO;
				DEBUG_INFORMATION_FORMAT = dwarf;
				DYLIB_INSTALL_NAME_BASE = "@rpath";
				ENABLE_NS_ASSERTIONS = YES;
				GCC_OPTIMIZATION_LEVEL = 0;
				GCC_PREPROCESSOR_DEFINITIONS = (
					"$(inherited)",
					"SWIFT_PACKAGE=1",
					"DEBUG=1",
				);
				MACOSX_DEPLOYMENT_TARGET = 10.10;
				ONLY_ACTIVE_ARCH = YES;
				OTHER_SWIFT_FLAGS = "$(inherited) -DXcode";
				PRODUCT_NAME = "$(TARGET_NAME)";
				SDKROOT = macosx;
				SUPPORTED_PLATFORMS = "macosx iphoneos iphonesimulator appletvos appletvsimulator watchos watchsimulator";
				SWIFT_ACTIVE_COMPILATION_CONDITIONS = "$(inherited) SWIFT_PACKAGE DEBUG";
				SWIFT_OPTIMIZATION_LEVEL = "-Onone";
				USE_HEADERMAP = NO;
			};
			name = Debug;
		};
		OBJ_4 /* Release */ = {
			isa = XCBuildConfiguration;
			buildSettings = {
				CLANG_ENABLE_OBJC_ARC = YES;
				COMBINE_HIDPI_IMAGES = YES;
				COPY_PHASE_STRIP = YES;
				DEBUG_INFORMATION_FORMAT = "dwarf-with-dsym";
				DYLIB_INSTALL_NAME_BASE = "@rpath";
				GCC_OPTIMIZATION_LEVEL = s;
				GCC_PREPROCESSOR_DEFINITIONS = (
					"$(inherited)",
					"SWIFT_PACKAGE=1",
				);
				MACOSX_DEPLOYMENT_TARGET = 10.10;
				OTHER_SWIFT_FLAGS = "$(inherited) -DXcode";
				PRODUCT_NAME = "$(TARGET_NAME)";
				SDKROOT = macosx;
				SUPPORTED_PLATFORMS = "macosx iphoneos iphonesimulator appletvos appletvsimulator watchos watchsimulator";
				SWIFT_ACTIVE_COMPILATION_CONDITIONS = "$(inherited) SWIFT_PACKAGE";
				SWIFT_OPTIMIZATION_LEVEL = "-Owholemodule";
				USE_HEADERMAP = NO;
			};
			name = Release;
		};
		OBJ_50 /* Debug */ = {
			isa = XCBuildConfiguration;
			buildSettings = {
				ENABLE_TESTABILITY = YES;
				FRAMEWORK_SEARCH_PATHS = (
					"$(inherited)",
					"$(PLATFORM_DIR)/Developer/Library/Frameworks",
				);
				HEADER_SEARCH_PATHS = (
					"$(inherited)",
					"$(SRCROOT)/Sources/copencc/include",
					"$(SRCROOT)/SwiftyOpenCC.xcodeproj/GeneratedModuleMap/copencc",
				);
				INFOPLIST_FILE = SwiftyOpenCC.xcodeproj/OpenCC_Info.plist;
				IPHONEOS_DEPLOYMENT_TARGET = 8.0;
				LD_RUNPATH_SEARCH_PATHS = "$(inherited) $(TOOLCHAIN_DIR)/usr/lib/swift/macosx";
				MACOSX_DEPLOYMENT_TARGET = 10.10;
				OTHER_CFLAGS = "$(inherited)";
				OTHER_LDFLAGS = "$(inherited)";
				OTHER_SWIFT_FLAGS = "$(inherited) -Xcc -fmodule-map-file=$(SRCROOT)/SwiftyOpenCC.xcodeproj/GeneratedModuleMap/copencc/module.modulemap";
				PRODUCT_BUNDLE_IDENTIFIER = OpenCC;
				PRODUCT_MODULE_NAME = "$(TARGET_NAME:c99extidentifier)";
				PRODUCT_NAME = "$(TARGET_NAME:c99extidentifier)";
				SKIP_INSTALL = YES;
				SWIFT_ACTIVE_COMPILATION_CONDITIONS = "$(inherited)";
				SWIFT_VERSION = 5.0;
				TARGET_NAME = OpenCC;
				TVOS_DEPLOYMENT_TARGET = 9.0;
				WATCHOS_DEPLOYMENT_TARGET = 2.0;
			};
			name = Debug;
		};
		OBJ_51 /* Release */ = {
			isa = XCBuildConfiguration;
			buildSettings = {
				ENABLE_TESTABILITY = YES;
				FRAMEWORK_SEARCH_PATHS = (
					"$(inherited)",
					"$(PLATFORM_DIR)/Developer/Library/Frameworks",
				);
				HEADER_SEARCH_PATHS = (
					"$(inherited)",
					"$(SRCROOT)/Sources/copencc/include",
					"$(SRCROOT)/SwiftyOpenCC.xcodeproj/GeneratedModuleMap/copencc",
				);
				INFOPLIST_FILE = SwiftyOpenCC.xcodeproj/OpenCC_Info.plist;
				IPHONEOS_DEPLOYMENT_TARGET = 8.0;
				LD_RUNPATH_SEARCH_PATHS = "$(inherited) $(TOOLCHAIN_DIR)/usr/lib/swift/macosx";
				MACOSX_DEPLOYMENT_TARGET = 10.10;
				OTHER_CFLAGS = "$(inherited)";
				OTHER_LDFLAGS = "$(inherited)";
				OTHER_SWIFT_FLAGS = "$(inherited) -Xcc -fmodule-map-file=$(SRCROOT)/SwiftyOpenCC.xcodeproj/GeneratedModuleMap/copencc/module.modulemap";
				PRODUCT_BUNDLE_IDENTIFIER = OpenCC;
				PRODUCT_MODULE_NAME = "$(TARGET_NAME:c99extidentifier)";
				PRODUCT_NAME = "$(TARGET_NAME:c99extidentifier)";
				SKIP_INSTALL = YES;
				SWIFT_ACTIVE_COMPILATION_CONDITIONS = "$(inherited)";
				SWIFT_VERSION = 5.0;
				TARGET_NAME = OpenCC;
				TVOS_DEPLOYMENT_TARGET = 9.0;
				WATCHOS_DEPLOYMENT_TARGET = 2.0;
			};
			name = Release;
		};
		OBJ_64 /* Debug */ = {
			isa = XCBuildConfiguration;
			buildSettings = {
				CLANG_ENABLE_MODULES = YES;
				EMBEDDED_CONTENT_CONTAINS_SWIFT = YES;
				FRAMEWORK_SEARCH_PATHS = (
					"$(inherited)",
					"$(PLATFORM_DIR)/Developer/Library/Frameworks",
				);
				HEADER_SEARCH_PATHS = (
					"$(inherited)",
					"$(SRCROOT)/Sources/copencc/include",
					"$(SRCROOT)/SwiftyOpenCC.xcodeproj/GeneratedModuleMap/copencc",
				);
				INFOPLIST_FILE = SwiftyOpenCC.xcodeproj/OpenCCTests_Info.plist;
				IPHONEOS_DEPLOYMENT_TARGET = 8.0;
				LD_RUNPATH_SEARCH_PATHS = "$(inherited) @loader_path/../Frameworks @loader_path/Frameworks";
				MACOSX_DEPLOYMENT_TARGET = 10.10;
				OTHER_CFLAGS = "$(inherited)";
				OTHER_LDFLAGS = "$(inherited)";
				OTHER_SWIFT_FLAGS = "$(inherited) -Xcc -fmodule-map-file=$(SRCROOT)/SwiftyOpenCC.xcodeproj/GeneratedModuleMap/copencc/module.modulemap";
				SWIFT_ACTIVE_COMPILATION_CONDITIONS = "$(inherited)";
				SWIFT_VERSION = 5.0;
				TARGET_NAME = OpenCCTests;
				TVOS_DEPLOYMENT_TARGET = 9.0;
				WATCHOS_DEPLOYMENT_TARGET = 2.0;
			};
			name = Debug;
		};
		OBJ_65 /* Release */ = {
			isa = XCBuildConfiguration;
			buildSettings = {
				CLANG_ENABLE_MODULES = YES;
				EMBEDDED_CONTENT_CONTAINS_SWIFT = YES;
				FRAMEWORK_SEARCH_PATHS = (
					"$(inherited)",
					"$(PLATFORM_DIR)/Developer/Library/Frameworks",
				);
				HEADER_SEARCH_PATHS = (
					"$(inherited)",
					"$(SRCROOT)/Sources/copencc/include",
					"$(SRCROOT)/SwiftyOpenCC.xcodeproj/GeneratedModuleMap/copencc",
				);
				INFOPLIST_FILE = SwiftyOpenCC.xcodeproj/OpenCCTests_Info.plist;
				IPHONEOS_DEPLOYMENT_TARGET = 8.0;
				LD_RUNPATH_SEARCH_PATHS = "$(inherited) @loader_path/../Frameworks @loader_path/Frameworks";
				MACOSX_DEPLOYMENT_TARGET = 10.10;
				OTHER_CFLAGS = "$(inherited)";
				OTHER_LDFLAGS = "$(inherited)";
				OTHER_SWIFT_FLAGS = "$(inherited) -Xcc -fmodule-map-file=$(SRCROOT)/SwiftyOpenCC.xcodeproj/GeneratedModuleMap/copencc/module.modulemap";
				SWIFT_ACTIVE_COMPILATION_CONDITIONS = "$(inherited)";
				SWIFT_VERSION = 5.0;
				TARGET_NAME = OpenCCTests;
				TVOS_DEPLOYMENT_TARGET = 9.0;
				WATCHOS_DEPLOYMENT_TARGET = 2.0;
			};
			name = Release;
		};
		OBJ_76 /* Debug */ = {
			isa = XCBuildConfiguration;
			buildSettings = {
				LD = /usr/bin/true;
				OTHER_SWIFT_FLAGS = "-swift-version 5 -I $(TOOLCHAIN_DIR)/usr/lib/swift/pm/4_2 -target x86_64-apple-macosx10.10 -sdk /Applications/Xcode.app/Contents/Developer/Platforms/MacOSX.platform/Developer/SDKs/MacOSX10.15.sdk -package-description-version 5";
				SWIFT_VERSION = 5.0;
			};
			name = Debug;
		};
		OBJ_77 /* Release */ = {
			isa = XCBuildConfiguration;
			buildSettings = {
				LD = /usr/bin/true;
				OTHER_SWIFT_FLAGS = "-swift-version 5 -I $(TOOLCHAIN_DIR)/usr/lib/swift/pm/4_2 -target x86_64-apple-macosx10.10 -sdk /Applications/Xcode.app/Contents/Developer/Platforms/MacOSX.platform/Developer/SDKs/MacOSX10.15.sdk -package-description-version 5";
				SWIFT_VERSION = 5.0;
			};
			name = Release;
		};
		OBJ_82 /* Debug */ = {
			isa = XCBuildConfiguration;
			buildSettings = {
			};
			name = Debug;
		};
		OBJ_83 /* Release */ = {
			isa = XCBuildConfiguration;
			buildSettings = {
			};
			name = Release;
		};
		OBJ_86 /* Debug */ = {
			isa = XCBuildConfiguration;
			buildSettings = {
				CLANG_CXX_LANGUAGE_STANDARD = "gnu++11";
				DEFINES_MODULE = NO;
				ENABLE_TESTABILITY = YES;
				FRAMEWORK_SEARCH_PATHS = (
					"$(inherited)",
					"$(PLATFORM_DIR)/Developer/Library/Frameworks",
				);
				GCC_C_LANGUAGE_STANDARD = gnu99;
				HEADER_SEARCH_PATHS = (
					"$(inherited)",
					"$(SRCROOT)/Sources/copencc/include",
					"$(SRCROOT)/Sources/copencc/opencc",
				);
				INFOPLIST_FILE = SwiftyOpenCC.xcodeproj/copencc_Info.plist;
				IPHONEOS_DEPLOYMENT_TARGET = 8.0;
				LD_RUNPATH_SEARCH_PATHS = "$(inherited) $(TOOLCHAIN_DIR)/usr/lib/swift/macosx";
				MACOSX_DEPLOYMENT_TARGET = 10.10;
				OTHER_CFLAGS = "$(inherited)";
				OTHER_LDFLAGS = "$(inherited)";
				OTHER_SWIFT_FLAGS = "$(inherited)";
				PRODUCT_BUNDLE_IDENTIFIER = copencc;
				PRODUCT_MODULE_NAME = "$(TARGET_NAME:c99extidentifier)";
				PRODUCT_NAME = "$(TARGET_NAME:c99extidentifier)";
				SKIP_INSTALL = YES;
				SWIFT_ACTIVE_COMPILATION_CONDITIONS = "$(inherited)";
				TARGET_NAME = copencc;
				TVOS_DEPLOYMENT_TARGET = 9.0;
				WATCHOS_DEPLOYMENT_TARGET = 2.0;
			};
			name = Debug;
		};
		OBJ_87 /* Release */ = {
			isa = XCBuildConfiguration;
			buildSettings = {
				CLANG_CXX_LANGUAGE_STANDARD = "gnu++11";
				DEFINES_MODULE = NO;
				ENABLE_TESTABILITY = YES;
				FRAMEWORK_SEARCH_PATHS = (
					"$(inherited)",
					"$(PLATFORM_DIR)/Developer/Library/Frameworks",
				);
				GCC_C_LANGUAGE_STANDARD = gnu99;
				HEADER_SEARCH_PATHS = (
					"$(inherited)",
					"$(SRCROOT)/Sources/copencc/include",
					"$(SRCROOT)/Sources/copencc/opencc",
				);
				INFOPLIST_FILE = SwiftyOpenCC.xcodeproj/copencc_Info.plist;
				IPHONEOS_DEPLOYMENT_TARGET = 8.0;
				LD_RUNPATH_SEARCH_PATHS = "$(inherited) $(TOOLCHAIN_DIR)/usr/lib/swift/macosx";
				MACOSX_DEPLOYMENT_TARGET = 10.10;
				OTHER_CFLAGS = "$(inherited)";
				OTHER_LDFLAGS = "$(inherited)";
				OTHER_SWIFT_FLAGS = "$(inherited)";
				PRODUCT_BUNDLE_IDENTIFIER = copencc;
				PRODUCT_MODULE_NAME = "$(TARGET_NAME:c99extidentifier)";
				PRODUCT_NAME = "$(TARGET_NAME:c99extidentifier)";
				SKIP_INSTALL = YES;
				SWIFT_ACTIVE_COMPILATION_CONDITIONS = "$(inherited)";
				TARGET_NAME = copencc;
				TVOS_DEPLOYMENT_TARGET = 9.0;
				WATCHOS_DEPLOYMENT_TARGET = 2.0;
			};
			name = Release;
		};
/* End XCBuildConfiguration section */

/* Begin XCConfigurationList section */
		OBJ_2 /* Build configuration list for PBXProject "SwiftyOpenCC" */ = {
			isa = XCConfigurationList;
			buildConfigurations = (
				OBJ_3 /* Debug */,
				OBJ_4 /* Release */,
			);
			defaultConfigurationIsVisible = 0;
			defaultConfigurationName = Release;
		};
		OBJ_49 /* Build configuration list for PBXNativeTarget "OpenCC" */ = {
			isa = XCConfigurationList;
			buildConfigurations = (
				OBJ_50 /* Debug */,
				OBJ_51 /* Release */,
			);
			defaultConfigurationIsVisible = 0;
			defaultConfigurationName = Release;
		};
		OBJ_63 /* Build configuration list for PBXNativeTarget "OpenCCTests" */ = {
			isa = XCConfigurationList;
			buildConfigurations = (
				OBJ_64 /* Debug */,
				OBJ_65 /* Release */,
			);
			defaultConfigurationIsVisible = 0;
			defaultConfigurationName = Release;
		};
		OBJ_75 /* Build configuration list for PBXNativeTarget "SwiftyOpenCCPackageDescription" */ = {
			isa = XCConfigurationList;
			buildConfigurations = (
				OBJ_76 /* Debug */,
				OBJ_77 /* Release */,
			);
			defaultConfigurationIsVisible = 0;
			defaultConfigurationName = Release;
		};
		OBJ_81 /* Build configuration list for PBXAggregateTarget "SwiftyOpenCCPackageTests" */ = {
			isa = XCConfigurationList;
			buildConfigurations = (
				OBJ_82 /* Debug */,
				OBJ_83 /* Release */,
			);
			defaultConfigurationIsVisible = 0;
			defaultConfigurationName = Release;
		};
		OBJ_85 /* Build configuration list for PBXNativeTarget "copencc" */ = {
			isa = XCConfigurationList;
			buildConfigurations = (
				OBJ_86 /* Debug */,
				OBJ_87 /* Release */,
			);
			defaultConfigurationIsVisible = 0;
			defaultConfigurationName = Release;
		};
/* End XCConfigurationList section */
	};
	rootObject = OBJ_1 /* Project object */;
}
